
Microsoft Visual Studio Solution File, Format Version 12.00
# Visual Studio Version 17
VisualStudioVersion = 17.8.34316.72
MinimumVisualStudioVersion = 10.0.40219.1
Project("{888888A0-9F3D-457C-B088-3A5042F75D52}") = "UTOMATIZAR PLANILHAS DO EXCEL", "UTOMATIZAR PLANILHAS DO EXCEL\UTOMATIZAR PLANILHAS DO EXCEL.pyproj", "{B313DD5A-D5CE-4FAA-835C-4BEB55C19FDA}"
EndProject
Global
	GlobalSection(SolutionConfigurationPlatforms) = preSolution
		Debug|Any CPU = Debug|Any CPU
		Release|Any CPU = Release|Any CPU
	EndGlobalSection
	GlobalSection(ProjectConfigurationPlatforms) = postSolution
		{B313DD5A-D5CE-4FAA-835C-4BEB55C19FDA}.Debug|Any CPU.ActiveCfg = Debug|Any CPU
		{B313DD5A-D5CE-4FAA-835C-4BEB55C19FDA}.Release|Any CPU.ActiveCfg = Release|Any CPU
	EndGlobalSection
	GlobalSection(SolutionProperties) = preSolution
		HideSolutionNode = FALSE
	EndGlobalSection
	GlobalSection(ExtensibilityGlobals) = postSolution
		SolutionGuid = {0B34F8A9-B7FE-490B-8395-785B22948795}
	EndGlobalSection
EndGlobal
